
Microsoft Visual Studio Solution File, Format Version 12.00
# Visual Studio 15
VisualStudioVersion = 15.0.26730.3
MinimumVisualStudioVersion = 10.0.40219.1
Project("{FAE04EC0-301F-11D3-BF4B-00C04F79EFBC}") = "Spartak", "Sapper\Spartak.csproj", "{6C5CC202-031F-4E6E-AC7C-7F45AFF947FE}"
EndProject
Project("{2150E333-8FDC-42A3-9474-1A3956D46DE8}") = "Solution Items", "Solution Items", "{F0148FA9-2590-446C-A06E-A0D88E16D590}"
EndProject
Global
	GlobalSection(SolutionConfigurationPlatforms) = preSolution
		Debug|Any CPU = Debug|Any CPU
		Release|Any CPU = Release|Any CPU
	EndGlobalSection
	GlobalSection(ProjectConfigurationPlatforms) = postSolution
		{6C5CC202-031F-4E6E-AC7C-7F45AFF947FE}.Debug|Any CPU.ActiveCfg = Debug|Any CPU
		{6C5CC202-031F-4E6E-AC7C-7F45AFF947FE}.Debug|Any CPU.Build.0 = Debug|Any CPU
		{6C5CC202-031F-4E6E-AC7C-7F45AFF947FE}.Release|Any CPU.ActiveCfg = Release|Any CPU
		{6C5CC202-031F-4E6E-AC7C-7F45AFF947FE}.Release|Any CPU.Build.0 = Release|Any CPU
	EndGlobalSection
	GlobalSection(SolutionProperties) = preSolution
		HideSolutionNode = FALSE
	EndGlobalSection
	GlobalSection(ExtensibilityGlobals) = postSolution
		SolutionGuid = {62AFBA5D-4EB6-4716-A90D-EBF41521F2C9}
	EndGlobalSection
EndGlobal
